
Microsoft Visual Studio Solution File, Format Version 12.00
# Visual Studio Version 17
VisualStudioVersion = 17.5.002.0
MinimumVisualStudioVersion = 10.0.40219.1
Project("{9A19103F-16F7-4668-BE54-9A1E7A4F7556}") = "RenewSubscription", "RenewSubscription.csproj", "{98D6A29D-113A-45AA-A2A0-F044C18C3AB1}"
EndProject
Global
	GlobalSection(SolutionConfigurationPlatforms) = preSolution
		Debug|Any CPU = Debug|Any CPU
		Release|Any CPU = Release|Any CPU
	EndGlobalSection
	GlobalSection(ProjectConfigurationPlatforms) = postSolution
		{98D6A29D-113A-45AA-A2A0-F044C18C3AB1}.Debug|Any CPU.ActiveCfg = Debug|Any CPU
		{98D6A29D-113A-45AA-A2A0-F044C18C3AB1}.Debug|Any CPU.Build.0 = Debug|Any CPU
		{98D6A29D-113A-45AA-A2A0-F044C18C3AB1}.Release|Any CPU.ActiveCfg = Release|Any CPU
		{98D6A29D-113A-45AA-A2A0-F044C18C3AB1}.Release|Any CPU.Build.0 = Release|Any CPU
	EndGlobalSection
	GlobalSection(SolutionProperties) = preSolution
		HideSolutionNode = FALSE
	EndGlobalSection
	GlobalSection(ExtensibilityGlobals) = postSolution
		SolutionGuid = {2F6A0963-2614-47CF-883D-A9AEAE8DF5C0}
	EndGlobalSection
EndGlobal
