
Microsoft Visual Studio Solution File, Format Version 12.00
# Visual Studio Version 17
VisualStudioVersion = 17.6.33801.468
MinimumVisualStudioVersion = 10.0.40219.1
Project("{FAE04EC0-301F-11D3-BF4B-00C04F79EFBC}") = "4-64-TernaryOperatorTempCheck", "4-64-TernaryOperatorTempCheck\4-64-TernaryOperatorTempCheck.csproj", "{971DA3D4-C70F-4FAA-90AE-B7A0935CB66F}"
EndProject
Global
	GlobalSection(SolutionConfigurationPlatforms) = preSolution
		Debug|Any CPU = Debug|Any CPU
		Release|Any CPU = Release|Any CPU
	EndGlobalSection
	GlobalSection(ProjectConfigurationPlatforms) = postSolution
		{971DA3D4-C70F-4FAA-90AE-B7A0935CB66F}.Debug|Any CPU.ActiveCfg = Debug|Any CPU
		{971DA3D4-C70F-4FAA-90AE-B7A0935CB66F}.Debug|Any CPU.Build.0 = Debug|Any CPU
		{971DA3D4-C70F-4FAA-90AE-B7A0935CB66F}.Release|Any CPU.ActiveCfg = Release|Any CPU
		{971DA3D4-C70F-4FAA-90AE-B7A0935CB66F}.Release|Any CPU.Build.0 = Release|Any CPU
	EndGlobalSection
	GlobalSection(SolutionProperties) = preSolution
		HideSolutionNode = FALSE
	EndGlobalSection
	GlobalSection(ExtensibilityGlobals) = postSolution
		SolutionGuid = {235F3ABF-A471-48BE-9F18-514DCB135FCD}
	EndGlobalSection
EndGlobal
