
Microsoft Visual Studio Solution File, Format Version 12.00
# Visual Studio Version 17
VisualStudioVersion = 17.6.33801.468
MinimumVisualStudioVersion = 10.0.40219.1
Project("{FAE04EC0-301F-11D3-BF4B-00C04F79EFBC}") = "2-29-ParsingExercise", "2-29-ParsingExercise\2-29-ParsingExercise.csproj", "{777562F0-D59D-4B1C-98C8-23B75052AC8B}"
EndProject
Global
	GlobalSection(SolutionConfigurationPlatforms) = preSolution
		Debug|Any CPU = Debug|Any CPU
		Release|Any CPU = Release|Any CPU
	EndGlobalSection
	GlobalSection(ProjectConfigurationPlatforms) = postSolution
		{777562F0-D59D-4B1C-98C8-23B75052AC8B}.Debug|Any CPU.ActiveCfg = Debug|Any CPU
		{777562F0-D59D-4B1C-98C8-23B75052AC8B}.Debug|Any CPU.Build.0 = Debug|Any CPU
		{777562F0-D59D-4B1C-98C8-23B75052AC8B}.Release|Any CPU.ActiveCfg = Release|Any CPU
		{777562F0-D59D-4B1C-98C8-23B75052AC8B}.Release|Any CPU.Build.0 = Release|Any CPU
	EndGlobalSection
	GlobalSection(SolutionProperties) = preSolution
		HideSolutionNode = FALSE
	EndGlobalSection
	GlobalSection(ExtensibilityGlobals) = postSolution
		SolutionGuid = {2CDB578F-17B5-4BB3-A273-5565F59B603D}
	EndGlobalSection
EndGlobal
