
Microsoft Visual Studio Solution File, Format Version 12.00
# Visual Studio Version 17
VisualStudioVersion = 17.6.33829.357
MinimumVisualStudioVersion = 10.0.40219.1
Project("{FAE04EC0-301F-11D3-BF4B-00C04F79EFBC}") = "10-142-polymorphism", "10-142-polymorphism\10-142-polymorphism.csproj", "{2F970F38-5865-4CF0-8F42-38571B5D08A3}"
EndProject
Global
	GlobalSection(SolutionConfigurationPlatforms) = preSolution
		Debug|Any CPU = Debug|Any CPU
		Release|Any CPU = Release|Any CPU
	EndGlobalSection
	GlobalSection(ProjectConfigurationPlatforms) = postSolution
		{2F970F38-5865-4CF0-8F42-38571B5D08A3}.Debug|Any CPU.ActiveCfg = Debug|Any CPU
		{2F970F38-5865-4CF0-8F42-38571B5D08A3}.Debug|Any CPU.Build.0 = Debug|Any CPU
		{2F970F38-5865-4CF0-8F42-38571B5D08A3}.Release|Any CPU.ActiveCfg = Release|Any CPU
		{2F970F38-5865-4CF0-8F42-38571B5D08A3}.Release|Any CPU.Build.0 = Release|Any CPU
	EndGlobalSection
	GlobalSection(SolutionProperties) = preSolution
		HideSolutionNode = FALSE
	EndGlobalSection
	GlobalSection(ExtensibilityGlobals) = postSolution
		SolutionGuid = {50D8421D-0BEF-40A8-A783-FDFCF727770F}
	EndGlobalSection
EndGlobal
