
Microsoft Visual Studio Solution File, Format Version 12.00
# Visual Studio Version 17
VisualStudioVersion = 17.6.33801.468
MinimumVisualStudioVersion = 10.0.40219.1
Project("{FAE04EC0-301F-11D3-BF4B-00C04F79EFBC}") = "4-59-LoginRegister", "4-59-LoginRegister\4-59-LoginRegister.csproj", "{BF340F43-FE47-4CFF-A75A-3BFEB1218CBB}"
EndProject
Global
	GlobalSection(SolutionConfigurationPlatforms) = preSolution
		Debug|Any CPU = Debug|Any CPU
		Release|Any CPU = Release|Any CPU
	EndGlobalSection
	GlobalSection(ProjectConfigurationPlatforms) = postSolution
		{BF340F43-FE47-4CFF-A75A-3BFEB1218CBB}.Debug|Any CPU.ActiveCfg = Debug|Any CPU
		{BF340F43-FE47-4CFF-A75A-3BFEB1218CBB}.Debug|Any CPU.Build.0 = Debug|Any CPU
		{BF340F43-FE47-4CFF-A75A-3BFEB1218CBB}.Release|Any CPU.ActiveCfg = Release|Any CPU
		{BF340F43-FE47-4CFF-A75A-3BFEB1218CBB}.Release|Any CPU.Build.0 = Release|Any CPU
	EndGlobalSection
	GlobalSection(SolutionProperties) = preSolution
		HideSolutionNode = FALSE
	EndGlobalSection
	GlobalSection(ExtensibilityGlobals) = postSolution
		SolutionGuid = {01266A7E-B25A-4082-A112-89DE3F22FA4C}
	EndGlobalSection
EndGlobal
