
Microsoft Visual Studio Solution File, Format Version 12.00
# Visual Studio Version 17
VisualStudioVersion = 17.6.33801.468
MinimumVisualStudioVersion = 10.0.40219.1
Project("{FAE04EC0-301F-11D3-BF4B-00C04F79EFBC}") = "4-61-HighScore", "4-61-HighScore\4-61-HighScore.csproj", "{A12C91C3-FFC8-4791-9DF3-62224BD4C3FC}"
EndProject
Global
	GlobalSection(SolutionConfigurationPlatforms) = preSolution
		Debug|Any CPU = Debug|Any CPU
		Release|Any CPU = Release|Any CPU
	EndGlobalSection
	GlobalSection(ProjectConfigurationPlatforms) = postSolution
		{A12C91C3-FFC8-4791-9DF3-62224BD4C3FC}.Debug|Any CPU.ActiveCfg = Debug|Any CPU
		{A12C91C3-FFC8-4791-9DF3-62224BD4C3FC}.Debug|Any CPU.Build.0 = Debug|Any CPU
		{A12C91C3-FFC8-4791-9DF3-62224BD4C3FC}.Release|Any CPU.ActiveCfg = Release|Any CPU
		{A12C91C3-FFC8-4791-9DF3-62224BD4C3FC}.Release|Any CPU.Build.0 = Release|Any CPU
	EndGlobalSection
	GlobalSection(SolutionProperties) = preSolution
		HideSolutionNode = FALSE
	EndGlobalSection
	GlobalSection(ExtensibilityGlobals) = postSolution
		SolutionGuid = {84959FCE-8551-40D1-ACA6-2E9FBD253840}
	EndGlobalSection
EndGlobal
