
Microsoft Visual Studio Solution File, Format Version 12.00
# Visual Studio Version 17
VisualStudioVersion = 17.8.34205.153
MinimumVisualStudioVersion = 10.0.40219.1
Project("{9A19103F-16F7-4668-BE54-9A1E7A4F7556}") = "HeapPractice", "HeapPractice.csproj", "{1092E4B0-FEFD-49CA-A028-12EBEE8D8B6B}"
EndProject
Project("{FAE04EC0-301F-11D3-BF4B-00C04F79EFBC}") = "HeapPractice.Tests", "..\Heap.Tests\HeapPractice.Tests.csproj", "{742F53CB-BBBE-4BA9-9E8D-8D4C992590D0}"
EndProject
Project("{FAE04EC0-301F-11D3-BF4B-00C04F79EFBC}") = "AlgoLibrary", "..\AlgoLibrary\AlgoLibrary.csproj", "{6A2D9CE5-35A8-4CCA-B3FF-82101C5170D4}"
EndProject
Global
	GlobalSection(SolutionConfigurationPlatforms) = preSolution
		Debug|Any CPU = Debug|Any CPU
		Release|Any CPU = Release|Any CPU
	EndGlobalSection
	GlobalSection(ProjectConfigurationPlatforms) = postSolution
		{1092E4B0-FEFD-49CA-A028-12EBEE8D8B6B}.Debug|Any CPU.ActiveCfg = Debug|Any CPU
		{1092E4B0-FEFD-49CA-A028-12EBEE8D8B6B}.Debug|Any CPU.Build.0 = Debug|Any CPU
		{1092E4B0-FEFD-49CA-A028-12EBEE8D8B6B}.Release|Any CPU.ActiveCfg = Release|Any CPU
		{1092E4B0-FEFD-49CA-A028-12EBEE8D8B6B}.Release|Any CPU.Build.0 = Release|Any CPU
		{742F53CB-BBBE-4BA9-9E8D-8D4C992590D0}.Debug|Any CPU.ActiveCfg = Debug|Any CPU
		{742F53CB-BBBE-4BA9-9E8D-8D4C992590D0}.Debug|Any CPU.Build.0 = Debug|Any CPU
		{742F53CB-BBBE-4BA9-9E8D-8D4C992590D0}.Release|Any CPU.ActiveCfg = Release|Any CPU
		{742F53CB-BBBE-4BA9-9E8D-8D4C992590D0}.Release|Any CPU.Build.0 = Release|Any CPU
		{6A2D9CE5-35A8-4CCA-B3FF-82101C5170D4}.Debug|Any CPU.ActiveCfg = Debug|Any CPU
		{6A2D9CE5-35A8-4CCA-B3FF-82101C5170D4}.Debug|Any CPU.Build.0 = Debug|Any CPU
		{6A2D9CE5-35A8-4CCA-B3FF-82101C5170D4}.Release|Any CPU.ActiveCfg = Release|Any CPU
		{6A2D9CE5-35A8-4CCA-B3FF-82101C5170D4}.Release|Any CPU.Build.0 = Release|Any CPU
	EndGlobalSection
	GlobalSection(SolutionProperties) = preSolution
		HideSolutionNode = FALSE
	EndGlobalSection
	GlobalSection(ExtensibilityGlobals) = postSolution
		SolutionGuid = {DEB6BA53-3FBD-4BC2-8563-FF69017E2159}
	EndGlobalSection
EndGlobal
