
Microsoft Visual Studio Solution File, Format Version 12.00
# Visual Studio Version 17
VisualStudioVersion = 17.6.33801.468
MinimumVisualStudioVersion = 10.0.40219.1
Project("{FAE04EC0-301F-11D3-BF4B-00C04F79EFBC}") = "2-33-StringMethodsExercise", "2-33-StringMethodsExercise\2-33-StringMethodsExercise.csproj", "{FF85EA15-7F34-4355-AAB4-8C189AA75B5E}"
EndProject
Global
	GlobalSection(SolutionConfigurationPlatforms) = preSolution
		Debug|Any CPU = Debug|Any CPU
		Release|Any CPU = Release|Any CPU
	EndGlobalSection
	GlobalSection(ProjectConfigurationPlatforms) = postSolution
		{FF85EA15-7F34-4355-AAB4-8C189AA75B5E}.Debug|Any CPU.ActiveCfg = Debug|Any CPU
		{FF85EA15-7F34-4355-AAB4-8C189AA75B5E}.Debug|Any CPU.Build.0 = Debug|Any CPU
		{FF85EA15-7F34-4355-AAB4-8C189AA75B5E}.Release|Any CPU.ActiveCfg = Release|Any CPU
		{FF85EA15-7F34-4355-AAB4-8C189AA75B5E}.Release|Any CPU.Build.0 = Release|Any CPU
	EndGlobalSection
	GlobalSection(SolutionProperties) = preSolution
		HideSolutionNode = FALSE
	EndGlobalSection
	GlobalSection(ExtensibilityGlobals) = postSolution
		SolutionGuid = {C04CB543-52C5-4AD5-A9D4-68600AD46A22}
	EndGlobalSection
EndGlobal
