
Microsoft Visual Studio Solution File, Format Version 12.00
# Visual Studio Version 17
VisualStudioVersion = 17.6.33829.357
MinimumVisualStudioVersion = 10.0.40219.1
Project("{9A19103F-16F7-4668-BE54-9A1E7A4F7556}") = "22-295-FlightBookingUnitTests", "22-295-FlightBookingUnitTests\22-295-FlightBookingUnitTests.csproj", "{94FBE145-C30B-44AE-94CD-030B81E5F050}"
EndProject
Project("{9A19103F-16F7-4668-BE54-9A1E7A4F7556}") = "Domain.Tests", "Domain.Tests\Domain.Tests.csproj", "{23620F88-0819-48A6-8728-7E63E6B7952A}"
EndProject
Project("{9A19103F-16F7-4668-BE54-9A1E7A4F7556}") = "Domain", "Domain\Domain.csproj", "{82E40999-4D96-4DAD-B68F-C89159802241}"
EndProject
Project("{FAE04EC0-301F-11D3-BF4B-00C04F79EFBC}") = "App.Tests", "App.Tests\App.Tests.csproj", "{9F876268-1F7C-4F71-B197-271B8390FEA0}"
EndProject
Project("{FAE04EC0-301F-11D3-BF4B-00C04F79EFBC}") = "App", "App\App.csproj", "{BD172497-FB63-479C-9C64-34926B5F6A6E}"
EndProject
Project("{FAE04EC0-301F-11D3-BF4B-00C04F79EFBC}") = "Data", "Data\Data.csproj", "{168618AF-6C15-437D-9B10-E45AD82E3833}"
EndProject
Global
	GlobalSection(SolutionConfigurationPlatforms) = preSolution
		Debug|Any CPU = Debug|Any CPU
		Release|Any CPU = Release|Any CPU
	EndGlobalSection
	GlobalSection(ProjectConfigurationPlatforms) = postSolution
		{94FBE145-C30B-44AE-94CD-030B81E5F050}.Debug|Any CPU.ActiveCfg = Debug|Any CPU
		{94FBE145-C30B-44AE-94CD-030B81E5F050}.Debug|Any CPU.Build.0 = Debug|Any CPU
		{94FBE145-C30B-44AE-94CD-030B81E5F050}.Release|Any CPU.ActiveCfg = Release|Any CPU
		{94FBE145-C30B-44AE-94CD-030B81E5F050}.Release|Any CPU.Build.0 = Release|Any CPU
		{23620F88-0819-48A6-8728-7E63E6B7952A}.Debug|Any CPU.ActiveCfg = Debug|Any CPU
		{23620F88-0819-48A6-8728-7E63E6B7952A}.Debug|Any CPU.Build.0 = Debug|Any CPU
		{23620F88-0819-48A6-8728-7E63E6B7952A}.Release|Any CPU.ActiveCfg = Release|Any CPU
		{23620F88-0819-48A6-8728-7E63E6B7952A}.Release|Any CPU.Build.0 = Release|Any CPU
		{82E40999-4D96-4DAD-B68F-C89159802241}.Debug|Any CPU.ActiveCfg = Debug|Any CPU
		{82E40999-4D96-4DAD-B68F-C89159802241}.Debug|Any CPU.Build.0 = Debug|Any CPU
		{82E40999-4D96-4DAD-B68F-C89159802241}.Release|Any CPU.ActiveCfg = Release|Any CPU
		{82E40999-4D96-4DAD-B68F-C89159802241}.Release|Any CPU.Build.0 = Release|Any CPU
		{9F876268-1F7C-4F71-B197-271B8390FEA0}.Debug|Any CPU.ActiveCfg = Debug|Any CPU
		{9F876268-1F7C-4F71-B197-271B8390FEA0}.Debug|Any CPU.Build.0 = Debug|Any CPU
		{9F876268-1F7C-4F71-B197-271B8390FEA0}.Release|Any CPU.ActiveCfg = Release|Any CPU
		{9F876268-1F7C-4F71-B197-271B8390FEA0}.Release|Any CPU.Build.0 = Release|Any CPU
		{BD172497-FB63-479C-9C64-34926B5F6A6E}.Debug|Any CPU.ActiveCfg = Debug|Any CPU
		{BD172497-FB63-479C-9C64-34926B5F6A6E}.Debug|Any CPU.Build.0 = Debug|Any CPU
		{BD172497-FB63-479C-9C64-34926B5F6A6E}.Release|Any CPU.ActiveCfg = Release|Any CPU
		{BD172497-FB63-479C-9C64-34926B5F6A6E}.Release|Any CPU.Build.0 = Release|Any CPU
		{168618AF-6C15-437D-9B10-E45AD82E3833}.Debug|Any CPU.ActiveCfg = Debug|Any CPU
		{168618AF-6C15-437D-9B10-E45AD82E3833}.Debug|Any CPU.Build.0 = Debug|Any CPU
		{168618AF-6C15-437D-9B10-E45AD82E3833}.Release|Any CPU.ActiveCfg = Release|Any CPU
		{168618AF-6C15-437D-9B10-E45AD82E3833}.Release|Any CPU.Build.0 = Release|Any CPU
	EndGlobalSection
	GlobalSection(SolutionProperties) = preSolution
		HideSolutionNode = FALSE
	EndGlobalSection
	GlobalSection(ExtensibilityGlobals) = postSolution
		SolutionGuid = {77F51BCC-21E9-40E0-AE4B-E9DF0275D524}
	EndGlobalSection
EndGlobal
