
Microsoft Visual Studio Solution File, Format Version 12.00
# Visual Studio Version 17
VisualStudioVersion = 17.5.002.0
MinimumVisualStudioVersion = 10.0.40219.1
Project("{9A19103F-16F7-4668-BE54-9A1E7A4F7556}") = "RandomDice", "RandomDice.csproj", "{EC6BA609-44F6-4758-9C89-1610D698CFD5}"
EndProject
Global
	GlobalSection(SolutionConfigurationPlatforms) = preSolution
		Debug|Any CPU = Debug|Any CPU
		Release|Any CPU = Release|Any CPU
	EndGlobalSection
	GlobalSection(ProjectConfigurationPlatforms) = postSolution
		{EC6BA609-44F6-4758-9C89-1610D698CFD5}.Debug|Any CPU.ActiveCfg = Debug|Any CPU
		{EC6BA609-44F6-4758-9C89-1610D698CFD5}.Debug|Any CPU.Build.0 = Debug|Any CPU
		{EC6BA609-44F6-4758-9C89-1610D698CFD5}.Release|Any CPU.ActiveCfg = Release|Any CPU
		{EC6BA609-44F6-4758-9C89-1610D698CFD5}.Release|Any CPU.Build.0 = Release|Any CPU
	EndGlobalSection
	GlobalSection(SolutionProperties) = preSolution
		HideSolutionNode = FALSE
	EndGlobalSection
	GlobalSection(ExtensibilityGlobals) = postSolution
		SolutionGuid = {FA588ECC-E488-4540-92E9-64525B6F7079}
	EndGlobalSection
EndGlobal
